hash: 90167d4d6839383076d496e454b1a56cae23267141889705214504fbd081acfe
updated: 2016-08-05T13:13:39.333339713-04:00
imports:
- name: github.com/apache/thrift
  version: 23d6746079d7b5fdb38214387c63f987e68a6d8f
  subpackages:
  - lib/go/thrift
- name: github.com/crossdock/crossdock-go
  version: 228792ab861c86f8900b2db0439577feef9ec9d8
  subpackages:
  - assert
  - require
- name: github.com/davecgh/go-spew
  version: 5215b55f46b2b919f50a1df0eaa5886afe4e3b3d
  subpackages:
  - spew
- name: github.com/opentracing/opentracing-go
  version: 855519783f479520497c6b3445611b05fc42f009
  subpackages:
  - ext
- name: github.com/pmezard/go-difflib
  version: 792786c7400a136282c1664665ae0a8db921c6c2
  subpackages:
  - difflib
- name: github.com/stretchr/testify
  version: f390dcf405f7b83c997eac1b06768bb9f44dec18
  subpackages:
  - assert
  - require
  - suite
- name: github.com/uber-go/atomic
  version: e682c1008ac17bf26d2e4b5ad6cdd08520ed0b22
- name: github.com/uber/tchannel-go
  version: 86ee2b2f880b5b1b5d34564dc1e1bb7492437e7f
  subpackages:
  - atomic
  - thrift
  - thrift/gen-go/meta
  - tnet
  - trace/thrift/gen-go/tcollector
  - typed
  - relay
  - trand
- name: golang.org/x/net
  version: 075e191f18186a8ff2becaf64478e30f4545cdad
  subpackages:
  - context
  - context/ctxhttp
devImports: []
