hash: d96d8b2d7e94230c6f446c2bb5167b7d5b99d99d37de801e4fd2be50ebf15de7
updated: 2016-05-31T23:57:48.183043797-04:00
imports:
- name: github.com/apache/thrift
  version: 23d6746079d7b5fdb38214387c63f987e68a6d8f
  subpackages:
  - lib/go/thrift
- name: github.com/opentracing/opentracing-go
  version: 01498abd158dfdbe8e251856bc7d14cb0f046fa3
  subpackages:
  - ext
- name: github.com/stretchr/testify
  version: 8d64eb7173c7753d6419fd4a9caf057398611364
  subpackages:
  - assert
  - require
  - suite
- name: github.com/uber/tchannel-go
  version: 3e3e53962cc103863e644ac84dcda5169ead0467
  subpackages:
  - atomic
  - thrift
  - thrift/gen-go/meta
  - tnet
  - trace/thrift/gen-go/tcollector
  - typed
- name: golang.org/x/net
  version: c4c3ea71919de159c9e246d7be66deb7f0a39a58
  subpackages:
  - context
devImports: []
